// !$*UTF8*$!
{
	archiveVersion = 1;
	classes = {
	};
	objectVersion = 46;
	objects = {

/* Begin PBXBuildFile section */
		178B5A5D198E7379006414ED /* ContainerViewController.swift in Sources */ = {isa = PBXBuildFile; fileRef = 178B5A5C198E7379006414ED /* ContainerViewController.swift */; };
		179191C91A1D4F0D00072138 /* LaunchScreen.xib in Resources */ = {isa = PBXBuildFile; fileRef = 179191C81A1D4F0D00072138 /* LaunchScreen.xib */; };
		17C4DFD0198E428000E0B395 /* AppDelegate.swift in Sources */ = {isa = PBXBuildFile; fileRef = 17C4DFCF198E428000E0B395 /* AppDelegate.swift */; };
		17C4DFD5198E428000E0B395 /* Main.storyboard in Resources */ = {isa = PBXBuildFile; fileRef = 17C4DFD3198E428000E0B395 /* Main.storyboard */; };
		17C4DFD7198E428000E0B395 /* Images.xcassets in Resources */ = {isa = PBXBuildFile; fileRef = 17C4DFD6198E428000E0B395 /* Images.xcassets */; };
		17C4DFE3198E428000E0B395 /* SlideOutNavigationTests.swift in Sources */ = {isa = PBXBuildFile; fileRef = 17C4DFE2198E428000E0B395 /* SlideOutNavigationTests.swift */; };
		17C4E01B198E444000E0B395 /* Locket.swift in Sources */ = {isa = PBXBuildFile; fileRef = 17C4E01A198E444000E0B395 /* Locket.swift */; };
		17C4E01F198E477C00E0B395 /* CenterViewController.swift in Sources */ = {isa = PBXBuildFile; fileRef = 17C4E01E198E477C00E0B395 /* CenterViewController.swift */; };
		17C4E023198E504400E0B395 /* SidePanelViewController.swift in Sources */ = {isa = PBXBuildFile; fileRef = 17C4E022198E504400E0B395 /* SidePanelViewController.swift */; };
		7BE77E6795C44FD05D811DBB /* Pods_Locket.framework in Frameworks */ = {isa = PBXBuildFile; fileRef = AC511D78DDC44BB84A733C2E /* Pods_Locket.framework */; };
		AC2048721CB9BB7B00E53BE6 /* LocketSkinEntity+CoreDataProperties.swift in Sources */ = {isa = PBXBuildFile; fileRef = AC2048711CB9BB7B00E53BE6 /* LocketSkinEntity+CoreDataProperties.swift */; };
		AC3937891C347FB200BEC4B7 /* LocketView.swift in Sources */ = {isa = PBXBuildFile; fileRef = AC3937881C347FB200BEC4B7 /* LocketView.swift */; };
		AC3D8A351C7A7D3D00BB3530 /* DownloadableImageView.swift in Sources */ = {isa = PBXBuildFile; fileRef = AC3D8A341C7A7D3D00BB3530 /* DownloadableImageView.swift */; };
		AC3D8A3C1C7AABA200BB3530 /* default_chain.png in Resources */ = {isa = PBXBuildFile; fileRef = AC3D8A381C7AABA200BB3530 /* default_chain.png */; };
		AC3D8A3D1C7AABA200BB3530 /* default_closed.png in Resources */ = {isa = PBXBuildFile; fileRef = AC3D8A391C7AABA200BB3530 /* default_closed.png */; };
		AC3D8A3E1C7AABA200BB3530 /* default_mask.png in Resources */ = {isa = PBXBuildFile; fileRef = AC3D8A3A1C7AABA200BB3530 /* default_mask.png */; };
		AC3D8A3F1C7AABA200BB3530 /* default_open.png in Resources */ = {isa = PBXBuildFile; fileRef = AC3D8A3B1C7AABA200BB3530 /* default_open.png */; };
		AC3D8A411C7AB8C800BB3530 /* SettingsManager.swift in Sources */ = {isa = PBXBuildFile; fileRef = AC3D8A401C7AB8C800BB3530 /* SettingsManager.swift */; };
		AC3D8A431C7ABED700BB3530 /* UserLocketCell.swift in Sources */ = {isa = PBXBuildFile; fileRef = AC3D8A421C7ABED700BB3530 /* UserLocketCell.swift */; };
		AC3D8A451C7AC37B00BB3530 /* RightPanelViewController.swift in Sources */ = {isa = PBXBuildFile; fileRef = AC3D8A441C7AC37B00BB3530 /* RightPanelViewController.swift */; };
		AC6DB83A1CDE7CCF0098F271 /* UserEntity+CoreDataProperties.swift in Sources */ = {isa = PBXBuildFile; fileRef = AC6DB8381CDE7CCF0098F271 /* UserEntity+CoreDataProperties.swift */; };
		AC6DB83B1CDE7CCF0098F271 /* UserEntity.swift in Sources */ = {isa = PBXBuildFile; fileRef = AC6DB8391CDE7CCF0098F271 /* UserEntity.swift */; };
		AC78CC501CA1028F00973756 /* UIImage+Crypto.swift in Sources */ = {isa = PBXBuildFile; fileRef = AC78CC4F1CA1028F00973756 /* UIImage+Crypto.swift */; };
		AC7F440A1C95EDE00049DD2B /* LocketModel.xcdatamodeld in Sources */ = {isa = PBXBuildFile; fileRef = AC7F44081C95EDE00049DD2B /* LocketModel.xcdatamodeld */; };
		AC8397851C9612AB0020B943 /* ImageAssetEntity+CoreDataProperties.swift in Sources */ = {isa = PBXBuildFile; fileRef = AC83977D1C9612AB0020B943 /* ImageAssetEntity+CoreDataProperties.swift */; };
		AC8397861C9612AB0020B943 /* ImageAssetEntity.swift in Sources */ = {isa = PBXBuildFile; fileRef = AC83977E1C9612AB0020B943 /* ImageAssetEntity.swift */; };
		AC8397881C9612AB0020B943 /* LocketSkinEntity.swift in Sources */ = {isa = PBXBuildFile; fileRef = AC8397801C9612AB0020B943 /* LocketSkinEntity.swift */; };
		AC8397891C9612AB0020B943 /* ColorEntity+CoreDataProperties.swift in Sources */ = {isa = PBXBuildFile; fileRef = AC8397811C9612AB0020B943 /* ColorEntity+CoreDataProperties.swift */; };
		AC83978A1C9612AB0020B943 /* ColorEntity.swift in Sources */ = {isa = PBXBuildFile; fileRef = AC8397821C9612AB0020B943 /* ColorEntity.swift */; };
		AC83978B1C9612AB0020B943 /* UserLocketEntity+CoreDataProperties.swift in Sources */ = {isa = PBXBuildFile; fileRef = AC8397831C9612AB0020B943 /* UserLocketEntity+CoreDataProperties.swift */; };
		AC83978C1C9612AB0020B943 /* UserLocketEntity.swift in Sources */ = {isa = PBXBuildFile; fileRef = AC8397841C9612AB0020B943 /* UserLocketEntity.swift */; };
		AC8CC5FB1C854C5E002789CA /* EditColorView.swift in Sources */ = {isa = PBXBuildFile; fileRef = AC8CC5FA1C854C5E002789CA /* EditColorView.swift */; };
		AC8CC5FF1C854D2F002789CA /* EditColorView.xib in Resources */ = {isa = PBXBuildFile; fileRef = AC8CC5FE1C854D2F002789CA /* EditColorView.xib */; };
		AC8CC6011C855889002789CA /* UIView+LoadFromNIB.swift in Sources */ = {isa = PBXBuildFile; fileRef = AC8CC6001C855889002789CA /* UIView+LoadFromNIB.swift */; };
		ACA045191C7BB1CA00C1679C /* LocketPhotoView.swift in Sources */ = {isa = PBXBuildFile; fileRef = ACA045181C7BB1CA00C1679C /* LocketPhotoView.swift */; };
		ACA0451B1C7BBB1D00C1679C /* default_image.png in Resources */ = {isa = PBXBuildFile; fileRef = ACA0451A1C7BBB1C00C1679C /* default_image.png */; };
		ACCBA6DD1CFA25E30022DE3F /* GoogleService-Info.plist in Resources */ = {isa = PBXBuildFile; fileRef = ACCBA6DC1CFA25E30022DE3F /* GoogleService-Info.plist */; };
		ACCBA6DE1CFA25EC0022DE3F /* GoogleService-Info.plist in Resources */ = {isa = PBXBuildFile; fileRef = ACCBA6DC1CFA25E30022DE3F /* GoogleService-Info.plist */; };
		ACD182081C6D432100264B2D /* LocketCell.swift in Sources */ = {isa = PBXBuildFile; fileRef = ACD182071C6D432100264B2D /* LocketCell.swift */; };
		ACD1820A1C6D97DB00264B2D /* DataManager.swift in Sources */ = {isa = PBXBuildFile; fileRef = ACD182091C6D97DB00264B2D /* DataManager.swift */; };
		ACD182131C75735D00264B2D /* FileManager.swift in Sources */ = {isa = PBXBuildFile; fileRef = ACD182121C75735D00264B2D /* FileManager.swift */; };
		ACDD19931C8E580F007D2439 /* UIColor+CIColor.swift in Sources */ = {isa = PBXBuildFile; fileRef = ACDD19921C8E580F007D2439 /* UIColor+CIColor.swift */; };
		ACDD19951C8F4FCE007D2439 /* Constants.swift in Sources */ = {isa = PBXBuildFile; fileRef = ACDD19941C8F4FCE007D2439 /* Constants.swift */; };
		ACDD19971C8F6B0B007D2439 /* EditTextView.xib in Resources */ = {isa = PBXBuildFile; fileRef = ACDD19961C8F6B0B007D2439 /* EditTextView.xib */; };
		ACDD19991C8F6BC4007D2439 /* EditTextView.swift in Sources */ = {isa = PBXBuildFile; fileRef = ACDD19981C8F6BC4007D2439 /* EditTextView.swift */; };
		ACE514491CFA360A00BE5172 /* AnalyticsManager.swift in Sources */ = {isa = PBXBuildFile; fileRef = ACE514481CFA360A00BE5172 /* AnalyticsManager.swift */; };
		ACF6DA911C81429400B0095A /* MaskView.swift in Sources */ = {isa = PBXBuildFile; fileRef = ACF6DA901C81429400B0095A /* MaskView.swift */; };
		ACF6DA941C814BC600B0095A /* UIView+CaptureImage.swift in Sources */ = {isa = PBXBuildFile; fileRef = ACF6DA931C814BC600B0095A /* UIView+CaptureImage.swift */; };
		FA19105718758307A75F2D20 /* libPods-LocketTests.a in Frameworks */ = {isa = PBXBuildFile; fileRef = 47AC6E514C459FE647935144 /* libPods-LocketTests.a */; };
/* End PBXBuildFile section */

/* Begin PBXContainerItemProxy section */
		17C4DFDD198E428000E0B395 /* PBXContainerItemProxy */ = {
			isa = PBXContainerItemProxy;
			containerPortal = 17C4DFC2198E428000E0B395 /* Project object */;
			proxyType = 1;
			remoteGlobalIDString = 17C4DFC9198E428000E0B395;
			remoteInfo = SlideOutNavigation;
		};
/* End PBXContainerItemProxy section */

/* Begin PBXFileReference section */
		178B5A5C198E7379006414ED /* ContainerViewController.swift */ = {isa = PBXFileReference; fileEncoding = 4; lastKnownFileType = sourcecode.swift; path = ContainerViewController.swift; sourceTree = "<group>"; };
		179191C81A1D4F0D00072138 /* LaunchScreen.xib */ = {isa = PBXFileReference; fileEncoding = 4; lastKnownFileType = file.xib; path = LaunchScreen.xib; sourceTree = "<group>"; };
		17C4DFCA198E428000E0B395 /* Locket.app */ = {isa = PBXFileReference; explicitFileType = wrapper.application; includeInIndex = 0; path = Locket.app; sourceTree = BUILT_PRODUCTS_DIR; };
		17C4DFCE198E428000E0B395 /* Info.plist */ = {isa = PBXFileReference; lastKnownFileType = text.plist.xml; path = Info.plist; sourceTree = "<group>"; };
		17C4DFCF198E428000E0B395 /* AppDelegate.swift */ = {isa = PBXFileReference; lastKnownFileType = sourcecode.swift; path = AppDelegate.swift; sourceTree = "<group>"; };
		17C4DFD4198E428000E0B395 /* Base */ = {isa = PBXFileReference; lastKnownFileType = file.storyboard; name = Base; path = Base.lproj/Main.storyboard; sourceTree = "<group>"; };
		17C4DFD6198E428000E0B395 /* Images.xcassets */ = {isa = PBXFileReference; lastKnownFileType = folder.assetcatalog; name = Images.xcassets; path = ../Images.xcassets; sourceTree = "<group>"; };
		17C4DFDC198E428000E0B395 /* Locket.xctest */ = {isa = PBXFileReference; explicitFileType = wrapper.cfbundle; includeInIndex = 0; path = Locket.xctest; sourceTree = BUILT_PRODUCTS_DIR; };
		17C4DFE1198E428000E0B395 /* Info.plist */ = {isa = PBXFileReference; lastKnownFileType = text.plist.xml; path = Info.plist; sourceTree = "<group>"; };
		17C4DFE2198E428000E0B395 /* SlideOutNavigationTests.swift */ = {isa = PBXFileReference; lastKnownFileType = sourcecode.swift; path = SlideOutNavigationTests.swift; sourceTree = "<group>"; };
		17C4E01A198E444000E0B395 /* Locket.swift */ = {isa = PBXFileReference; fileEncoding = 4; lastKnownFileType = sourcecode.swift; path = Locket.swift; sourceTree = "<group>"; };
		17C4E01E198E477C00E0B395 /* CenterViewController.swift */ = {isa = PBXFileReference; fileEncoding = 4; lastKnownFileType = sourcecode.swift; path = CenterViewController.swift; sourceTree = "<group>"; };
		17C4E022198E504400E0B395 /* SidePanelViewController.swift */ = {isa = PBXFileReference; fileEncoding = 4; lastKnownFileType = sourcecode.swift; path = SidePanelViewController.swift; sourceTree = "<group>"; };
		1ABB49C1656D9CCD64E992CF /* Pods-Locket.release.xcconfig */ = {isa = PBXFileReference; includeInIndex = 1; lastKnownFileType = text.xcconfig; name = "Pods-Locket.release.xcconfig"; path = "Pods/Target Support Files/Pods-Locket/Pods-Locket.release.xcconfig"; sourceTree = "<group>"; };
		1D8AD2D8C9781F5F6F5F2E31 /* Pods-LocketTests.debug.xcconfig */ = {isa = PBXFileReference; includeInIndex = 1; lastKnownFileType = text.xcconfig; name = "Pods-LocketTests.debug.xcconfig"; path = "Pods/Target Support Files/Pods-LocketTests/Pods-LocketTests.debug.xcconfig"; sourceTree = "<group>"; };
		47AC6E514C459FE647935144 /* libPods-LocketTests.a */ = {isa = PBXFileReference; explicitFileType = archive.ar; includeInIndex = 0; path = "libPods-LocketTests.a"; sourceTree = BUILT_PRODUCTS_DIR; };
		5E030E0B879B36D1DCAE8113 /* Pods-Locket.debug.xcconfig */ = {isa = PBXFileReference; includeInIndex = 1; lastKnownFileType = text.xcconfig; name = "Pods-Locket.debug.xcconfig"; path = "Pods/Target Support Files/Pods-Locket/Pods-Locket.debug.xcconfig"; sourceTree = "<group>"; };
		AC2048711CB9BB7B00E53BE6 /* LocketSkinEntity+CoreDataProperties.swift */ = {isa = PBXFileReference; fileEncoding = 4; lastKnownFileType = sourcecode.swift; path = "LocketSkinEntity+CoreDataProperties.swift"; sourceTree = "<group>"; };
		AC3937881C347FB200BEC4B7 /* LocketView.swift */ = {isa = PBXFileReference; fileEncoding = 4; lastKnownFileType = sourcecode.swift; path = LocketView.swift; sourceTree = "<group>"; };
		AC3D8A341C7A7D3D00BB3530 /* DownloadableImageView.swift */ = {isa = PBXFileReference; fileEncoding = 4; lastKnownFileType = sourcecode.swift; path = DownloadableImageView.swift; sourceTree = "<group>"; };
		AC3D8A381C7AABA200BB3530 /* default_chain.png */ = {isa = PBXFileReference; lastKnownFileType = image.png; path = default_chain.png; sourceTree = "<group>"; };
		AC3D8A391C7AABA200BB3530 /* default_closed.png */ = {isa = PBXFileReference; lastKnownFileType = image.png; path = default_closed.png; sourceTree = "<group>"; };
		AC3D8A3A1C7AABA200BB3530 /* default_mask.png */ = {isa = PBXFileReference; lastKnownFileType = image.png; path = default_mask.png; sourceTree = "<group>"; };
		AC3D8A3B1C7AABA200BB3530 /* default_open.png */ = {isa = PBXFileReference; lastKnownFileType = image.png; path = default_open.png; sourceTree = "<group>"; };
		AC3D8A401C7AB8C800BB3530 /* SettingsManager.swift */ = {isa = PBXFileReference; fileEncoding = 4; lastKnownFileType = sourcecode.swift; path = SettingsManager.swift; sourceTree = "<group>"; };
		AC3D8A421C7ABED700BB3530 /* UserLocketCell.swift */ = {isa = PBXFileReference; fileEncoding = 4; lastKnownFileType = sourcecode.swift; path = UserLocketCell.swift; sourceTree = "<group>"; };
		AC3D8A441C7AC37B00BB3530 /* RightPanelViewController.swift */ = {isa = PBXFileReference; fileEncoding = 4; lastKnownFileType = sourcecode.swift; path = RightPanelViewController.swift; sourceTree = "<group>"; };
		AC511D78DDC44BB84A733C2E /* Pods_Locket.framework */ = {isa = PBXFileReference; explicitFileType = wrapper.framework; includeInIndex = 0; path = Pods_Locket.framework; sourceTree = BUILT_PRODUCTS_DIR; };
		AC6DB8381CDE7CCF0098F271 /* UserEntity+CoreDataProperties.swift */ = {isa = PBXFileReference; fileEncoding = 4; lastKnownFileType = sourcecode.swift; path = "UserEntity+CoreDataProperties.swift"; sourceTree = "<group>"; };
		AC6DB8391CDE7CCF0098F271 /* UserEntity.swift */ = {isa = PBXFileReference; fileEncoding = 4; lastKnownFileType = sourcecode.swift; path = UserEntity.swift; sourceTree = "<group>"; };
		AC78CC4F1CA1028F00973756 /* UIImage+Crypto.swift */ = {isa = PBXFileReference; fileEncoding = 4; lastKnownFileType = sourcecode.swift; path = "UIImage+Crypto.swift"; sourceTree = "<group>"; };
		AC7F44091C95EDE00049DD2B /* LocketModel.xcdatamodel */ = {isa = PBXFileReference; lastKnownFileType = wrapper.xcdatamodel; path = LocketModel.xcdatamodel; sourceTree = "<group>"; };
		AC83977D1C9612AB0020B943 /* ImageAssetEntity+CoreDataProperties.swift */ = {isa = PBXFileReference; fileEncoding = 4; lastKnownFileType = sourcecode.swift; path = "ImageAssetEntity+CoreDataProperties.swift"; sourceTree = "<group>"; };
		AC83977E1C9612AB0020B943 /* ImageAssetEntity.swift */ = {isa = PBXFileReference; fileEncoding = 4; lastKnownFileType = sourcecode.swift; path = ImageAssetEntity.swift; sourceTree = "<group>"; };
		AC8397801C9612AB0020B943 /* LocketSkinEntity.swift */ = {isa = PBXFileReference; fileEncoding = 4; lastKnownFileType = sourcecode.swift; path = LocketSkinEntity.swift; sourceTree = "<group>"; };
		AC8397811C9612AB0020B943 /* ColorEntity+CoreDataProperties.swift */ = {isa = PBXFileReference; fileEncoding = 4; lastKnownFileType = sourcecode.swift; path = "ColorEntity+CoreDataProperties.swift"; sourceTree = "<group>"; };
		AC8397821C9612AB0020B943 /* ColorEntity.swift */ = {isa = PBXFileReference; fileEncoding = 4; lastKnownFileType = sourcecode.swift; path = ColorEntity.swift; sourceTree = "<group>"; };
		AC8397831C9612AB0020B943 /* UserLocketEntity+CoreDataProperties.swift */ = {isa = PBXFileReference; fileEncoding = 4; lastKnownFileType = sourcecode.swift; path = "UserLocketEntity+CoreDataProperties.swift"; sourceTree = "<group>"; };
		AC8397841C9612AB0020B943 /* UserLocketEntity.swift */ = {isa = PBXFileReference; fileEncoding = 4; lastKnownFileType = sourcecode.swift; path = UserLocketEntity.swift; sourceTree = "<group>"; };
		AC8CC5FA1C854C5E002789CA /* EditColorView.swift */ = {isa = PBXFileReference; fileEncoding = 4; lastKnownFileType = sourcecode.swift; path = EditColorView.swift; sourceTree = "<group>"; };
		AC8CC5FE1C854D2F002789CA /* EditColorView.xib */ = {isa = PBXFileReference; fileEncoding = 4; lastKnownFileType = file.xib; path = EditColorView.xib; sourceTree = "<group>"; };
		AC8CC6001C855889002789CA /* UIView+LoadFromNIB.swift */ = {isa = PBXFileReference; fileEncoding = 4; lastKnownFileType = sourcecode.swift; path = "UIView+LoadFromNIB.swift"; sourceTree = "<group>"; };
		ACA045181C7BB1CA00C1679C /* LocketPhotoView.swift */ = {isa = PBXFileReference; fileEncoding = 4; lastKnownFileType = sourcecode.swift; path = LocketPhotoView.swift; sourceTree = "<group>"; };
		ACA0451A1C7BBB1C00C1679C /* default_image.png */ = {isa = PBXFileReference; lastKnownFileType = image.png; path = default_image.png; sourceTree = "<group>"; };
		ACCBA6DC1CFA25E30022DE3F /* GoogleService-Info.plist */ = {isa = PBXFileReference; fileEncoding = 4; lastKnownFileType = text.plist.xml; path = "GoogleService-Info.plist"; sourceTree = "<group>"; };
		ACCBA6DF1CFA26F90022DE3F /* Locket-Bridging-Header.h */ = {isa = PBXFileReference; lastKnownFileType = sourcecode.c.h; path = "Locket-Bridging-Header.h"; sourceTree = "<group>"; };
		ACD182071C6D432100264B2D /* LocketCell.swift */ = {isa = PBXFileReference; fileEncoding = 4; lastKnownFileType = sourcecode.swift; path = LocketCell.swift; sourceTree = "<group>"; };
		ACD182091C6D97DB00264B2D /* DataManager.swift */ = {isa = PBXFileReference; fileEncoding = 4; lastKnownFileType = sourcecode.swift; path = DataManager.swift; sourceTree = "<group>"; };
		ACD182121C75735D00264B2D /* FileManager.swift */ = {isa = PBXFileReference; fileEncoding = 4; lastKnownFileType = sourcecode.swift; path = FileManager.swift; sourceTree = "<group>"; };
		ACDD19921C8E580F007D2439 /* UIColor+CIColor.swift */ = {isa = PBXFileReference; fileEncoding = 4; lastKnownFileType = sourcecode.swift; path = "UIColor+CIColor.swift"; sourceTree = "<group>"; };
		ACDD19941C8F4FCE007D2439 /* Constants.swift */ = {isa = PBXFileReference; fileEncoding = 4; lastKnownFileType = sourcecode.swift; path = Constants.swift; sourceTree = "<group>"; };
		ACDD19961C8F6B0B007D2439 /* EditTextView.xib */ = {isa = PBXFileReference; fileEncoding = 4; lastKnownFileType = file.xib; path = EditTextView.xib; sourceTree = "<group>"; };
		ACDD19981C8F6BC4007D2439 /* EditTextView.swift */ = {isa = PBXFileReference; fileEncoding = 4; lastKnownFileType = sourcecode.swift; path = EditTextView.swift; sourceTree = "<group>"; };
		ACE514481CFA360A00BE5172 /* AnalyticsManager.swift */ = {isa = PBXFileReference; fileEncoding = 4; lastKnownFileType = sourcecode.swift; path = AnalyticsManager.swift; sourceTree = "<group>"; };
		ACF6DA901C81429400B0095A /* MaskView.swift */ = {isa = PBXFileReference; fileEncoding = 4; lastKnownFileType = sourcecode.swift; path = MaskView.swift; sourceTree = "<group>"; };
		ACF6DA931C814BC600B0095A /* UIView+CaptureImage.swift */ = {isa = PBXFileReference; fileEncoding = 4; lastKnownFileType = sourcecode.swift; path = "UIView+CaptureImage.swift"; sourceTree = "<group>"; };
		F52B11F1D9A336949CD0D697 /* Pods-LocketTests.release.xcconfig */ = {isa = PBXFileReference; includeInIndex = 1; lastKnownFileType = text.xcconfig; name = "Pods-LocketTests.release.xcconfig"; path = "Pods/Target Support Files/Pods-LocketTests/Pods-LocketTests.release.xcconfig"; sourceTree = "<group>"; };
/* End PBXFileReference section */

/* Begin PBXFrameworksBuildPhase section */
		17C4DFC7198E428000E0B395 /* Frameworks */ = {
			isa = PBXFrameworksBuildPhase;
			buildActionMask = 2147483647;
			files = (
				7BE77E6795C44FD05D811DBB /* Pods_Locket.framework in Frameworks */,
			);
			runOnlyForDeploymentPostprocessing = 0;
		};
		17C4DFD9198E428000E0B395 /* Frameworks */ = {
			isa = PBXFrameworksBuildPhase;
			buildActionMask = 2147483647;
			files = (
				FA19105718758307A75F2D20 /* libPods-LocketTests.a in Frameworks */,
			);
			runOnlyForDeploymentPostprocessing = 0;
		};
/* End PBXFrameworksBuildPhase section */

/* Begin PBXGroup section */
		17C4DFC1198E428000E0B395 = {
			isa = PBXGroup;
			children = (
				17C4DFCC198E428000E0B395 /* Locket */,
				17C4DFCB198E428000E0B395 /* Products */,
				1C1BC763D110FB76C54ED68E /* Pods */,
				64980B1825957B8ED869606D /* Frameworks */,
			);
			sourceTree = "<group>";
		};
		17C4DFCB198E428000E0B395 /* Products */ = {
			isa = PBXGroup;
			children = (
				17C4DFCA198E428000E0B395 /* Locket.app */,
				17C4DFDC198E428000E0B395 /* Locket.xctest */,
			);
			name = Products;
			sourceTree = "<group>";
		};
		17C4DFCC198E428000E0B395 /* Locket */ = {
			isa = PBXGroup;
			children = (
				ACCBA6DA1CE926870022DE3F /* Main */,
				AC83976B1C9608730020B943 /* Managers */,
				AC83976C1C9608DD0020B943 /* View Controllers */,
				AC83976A1C9608420020B943 /* DataModel */,
				AC8CC5FC1C854CB9002789CA /* User Interfaces */,
				ACF6DA921C814BA900B0095A /* Extension */,
				AC3D8A361C7AABA200BB3530 /* Assets */,
				17C4DFDF198E428000E0B395 /* LocketTests */,
				17C4DFCD198E428000E0B395 /* Supporting Files */,
			);
			name = Locket;
			path = SlideOutNavigation;
			sourceTree = "<group>";
		};
		17C4DFCD198E428000E0B395 /* Supporting Files */ = {
			isa = PBXGroup;
			children = (
				ACCBA6DC1CFA25E30022DE3F /* GoogleService-Info.plist */,
				17C4DFCE198E428000E0B395 /* Info.plist */,
			);
			path = "Supporting Files";
			sourceTree = "<group>";
		};
		17C4DFDF198E428000E0B395 /* LocketTests */ = {
			isa = PBXGroup;
			children = (
				17C4DFE2198E428000E0B395 /* SlideOutNavigationTests.swift */,
				17C4DFE0198E428000E0B395 /* Supporting Files */,
			);
			name = LocketTests;
			path = SlideOutNavigationTests;
			sourceTree = SOURCE_ROOT;
		};
		17C4DFE0198E428000E0B395 /* Supporting Files */ = {
			isa = PBXGroup;
			children = (
				17C4DFE1198E428000E0B395 /* Info.plist */,
			);
			path = "Supporting Files";
			sourceTree = "<group>";
		};
		1C1BC763D110FB76C54ED68E /* Pods */ = {
			isa = PBXGroup;
			children = (
				5E030E0B879B36D1DCAE8113 /* Pods-Locket.debug.xcconfig */,
				1ABB49C1656D9CCD64E992CF /* Pods-Locket.release.xcconfig */,
				1D8AD2D8C9781F5F6F5F2E31 /* Pods-LocketTests.debug.xcconfig */,
				F52B11F1D9A336949CD0D697 /* Pods-LocketTests.release.xcconfig */,
			);
			name = Pods;
			sourceTree = "<group>";
		};
		64980B1825957B8ED869606D /* Frameworks */ = {
			isa = PBXGroup;
			children = (
				AC511D78DDC44BB84A733C2E /* Pods_Locket.framework */,
				47AC6E514C459FE647935144 /* libPods-LocketTests.a */,
			);
			name = Frameworks;
			sourceTree = "<group>";
		};
		AC3D8A361C7AABA200BB3530 /* Assets */ = {
			isa = PBXGroup;
			children = (
				17C4DFD6198E428000E0B395 /* Images.xcassets */,
				AC3D8A371C7AABA200BB3530 /* default_locket */,
			);
			path = Assets;
			sourceTree = "<group>";
		};
		AC3D8A371C7AABA200BB3530 /* default_locket */ = {
			isa = PBXGroup;
			children = (
				ACA0451A1C7BBB1C00C1679C /* default_image.png */,
				AC3D8A381C7AABA200BB3530 /* default_chain.png */,
				AC3D8A391C7AABA200BB3530 /* default_closed.png */,
				AC3D8A3A1C7AABA200BB3530 /* default_mask.png */,
				AC3D8A3B1C7AABA200BB3530 /* default_open.png */,
			);
			path = default_locket;
			sourceTree = "<group>";
		};
		AC83976A1C9608420020B943 /* DataModel */ = {
			isa = PBXGroup;
			children = (
				AC6DB8381CDE7CCF0098F271 /* UserEntity+CoreDataProperties.swift */,
				AC6DB8391CDE7CCF0098F271 /* UserEntity.swift */,
				AC83977D1C9612AB0020B943 /* ImageAssetEntity+CoreDataProperties.swift */,
				AC83977E1C9612AB0020B943 /* ImageAssetEntity.swift */,
				AC2048711CB9BB7B00E53BE6 /* LocketSkinEntity+CoreDataProperties.swift */,
				AC8397801C9612AB0020B943 /* LocketSkinEntity.swift */,
				AC8397811C9612AB0020B943 /* ColorEntity+CoreDataProperties.swift */,
				AC8397821C9612AB0020B943 /* ColorEntity.swift */,
				AC8397831C9612AB0020B943 /* UserLocketEntity+CoreDataProperties.swift */,
				AC8397841C9612AB0020B943 /* UserLocketEntity.swift */,
				17C4E01A198E444000E0B395 /* Locket.swift */,
				AC7F44081C95EDE00049DD2B /* LocketModel.xcdatamodeld */,
			);
			name = DataModel;
			sourceTree = "<group>";
		};
		AC83976B1C9608730020B943 /* Managers */ = {
			isa = PBXGroup;
			children = (
				ACD182121C75735D00264B2D /* FileManager.swift */,
				ACD182091C6D97DB00264B2D /* DataManager.swift */,
				AC3D8A401C7AB8C800BB3530 /* SettingsManager.swift */,
				ACE514481CFA360A00BE5172 /* AnalyticsManager.swift */,
			);
			name = Managers;
			sourceTree = "<group>";
		};
		AC83976C1C9608DD0020B943 /* View Controllers */ = {
			isa = PBXGroup;
			children = (
				178B5A5C198E7379006414ED /* ContainerViewController.swift */,
				17C4E022198E504400E0B395 /* SidePanelViewController.swift */,
				AC3D8A441C7AC37B00BB3530 /* RightPanelViewController.swift */,
				17C4E01E198E477C00E0B395 /* CenterViewController.swift */,
			);
			name = "View Controllers";
			sourceTree = "<group>";
		};
		AC8CC5FC1C854CB9002789CA /* User Interfaces */ = {
			isa = PBXGroup;
			children = (
				17C4DFD3198E428000E0B395 /* Main.storyboard */,
				ACD182071C6D432100264B2D /* LocketCell.swift */,
				AC3D8A421C7ABED700BB3530 /* UserLocketCell.swift */,
				179191C81A1D4F0D00072138 /* LaunchScreen.xib */,
				AC8CC5FA1C854C5E002789CA /* EditColorView.swift */,
				AC8CC5FE1C854D2F002789CA /* EditColorView.xib */,
				ACDD19981C8F6BC4007D2439 /* EditTextView.swift */,
				ACDD19961C8F6B0B007D2439 /* EditTextView.xib */,
			);
			name = "User Interfaces";
			sourceTree = "<group>";
		};
		ACCBA6DA1CE926870022DE3F /* Main */ = {
			isa = PBXGroup;
			children = (
				17C4DFCF198E428000E0B395 /* AppDelegate.swift */,
				AC3937881C347FB200BEC4B7 /* LocketView.swift */,
				ACA045181C7BB1CA00C1679C /* LocketPhotoView.swift */,
				ACF6DA901C81429400B0095A /* MaskView.swift */,
				AC3D8A341C7A7D3D00BB3530 /* DownloadableImageView.swift */,
				ACDD19941C8F4FCE007D2439 /* Constants.swift */,
				ACCBA6DF1CFA26F90022DE3F /* Locket-Bridging-Header.h */,
			);
			name = Main;
			sourceTree = "<group>";
		};
		ACF6DA921C814BA900B0095A /* Extension */ = {
			isa = PBXGroup;
			children = (
				ACF6DA931C814BC600B0095A /* UIView+CaptureImage.swift */,
				AC8CC6001C855889002789CA /* UIView+LoadFromNIB.swift */,
				ACDD19921C8E580F007D2439 /* UIColor+CIColor.swift */,
				AC78CC4F1CA1028F00973756 /* UIImage+Crypto.swift */,
			);
			name = Extension;
			sourceTree = "<group>";
		};
/* End PBXGroup section */

/* Begin PBXNativeTarget section */
		17C4DFC9198E428000E0B395 /* Locket */ = {
			isa = PBXNativeTarget;
			buildConfigurationList = 17C4DFE6198E428000E0B395 /* Build configuration list for PBXNativeTarget "Locket" */;
			buildPhases = (
				7B16E1331584E88782C8BA43 /* [CP] Check Pods Manifest.lock */,
				17C4DFC6198E428000E0B395 /* Sources */,
				17C4DFC7198E428000E0B395 /* Frameworks */,
				17C4DFC8198E428000E0B395 /* Resources */,
				0B28B218156100AD334482B9 /* [CP] Embed Pods Frameworks */,
				CBC5D774D2B09D651D4267D5 /* [CP] Copy Pods Resources */,
			);
			buildRules = (
			);
			dependencies = (
			);
			name = Locket;
			productName = SlideOutNavigation;
			productReference = 17C4DFCA198E428000E0B395 /* Locket.app */;
			productType = "com.apple.product-type.application";
		};
		17C4DFDB198E428000E0B395 /* LocketTests */ = {
			isa = PBXNativeTarget;
			buildConfigurationList = 17C4DFE9198E428000E0B395 /* Build configuration list for PBXNativeTarget "LocketTests" */;
			buildPhases = (
				17145E991C7617E4A0C49480 /* [CP] Check Pods Manifest.lock */,
				17C4DFD8198E428000E0B395 /* Sources */,
				17C4DFD9198E428000E0B395 /* Frameworks */,
				17C4DFDA198E428000E0B395 /* Resources */,
				2A36346956E57A9055D43C9E /* [CP] Embed Pods Frameworks */,
				2FABADA6BDCB542A8921EB4B /* [CP] Copy Pods Resources */,
			);
			buildRules = (
			);
			dependencies = (
				17C4DFDE198E428000E0B395 /* PBXTargetDependency */,
			);
			name = LocketTests;
			productName = SlideOutNavigationTests;
			productReference = 17C4DFDC198E428000E0B395 /* Locket.xctest */;
			productType = "com.apple.product-type.bundle.unit-test";
		};
/* End PBXNativeTarget section */

/* Begin PBXProject section */
		17C4DFC2198E428000E0B395 /* Project object */ = {
			isa = PBXProject;
			attributes = {
				LastSwiftMigration = 0720;
				LastSwiftUpdateCheck = 0720;
				LastUpgradeCheck = 0720;
				ORGANIZATIONNAME = "James Frost";
				TargetAttributes = {
					17C4DFC9198E428000E0B395 = {
						CreatedOnToolsVersion = 6.0;
						DevelopmentTeam = LR3D5ZYZX3;
						LastSwiftMigration = 0800;
					};
					17C4DFDB198E428000E0B395 = {
						CreatedOnToolsVersion = 6.0;
						LastSwiftMigration = 0800;
						TestTargetID = 17C4DFC9198E428000E0B395;
					};
				};
			};
			buildConfigurationList = 17C4DFC5198E428000E0B395 /* Build configuration list for PBXProject "Locket" */;
			compatibilityVersion = "Xcode 3.2";
			developmentRegion = English;
			hasScannedForEncodings = 0;
			knownRegions = (
				en,
				Base,
			);
			mainGroup = 17C4DFC1198E428000E0B395;
			productRefGroup = 17C4DFCB198E428000E0B395 /* Products */;
			projectDirPath = "";
			projectRoot = "";
			targets = (
				17C4DFC9198E428000E0B395 /* Locket */,
				17C4DFDB198E428000E0B395 /* LocketTests */,
			);
		};
/* End PBXProject section */

/* Begin PBXResourcesBuildPhase section */
		17C4DFC8198E428000E0B395 /* Resources */ = {
			isa = PBXResourcesBuildPhase;
			buildActionMask = 2147483647;
			files = (
				17C4DFD5198E428000E0B395 /* Main.storyboard in Resources */,
				17C4DFD7198E428000E0B395 /* Images.xcassets in Resources */,
				AC3D8A3D1C7AABA200BB3530 /* default_closed.png in Resources */,
				ACDD19971C8F6B0B007D2439 /* EditTextView.xib in Resources */,
				ACA0451B1C7BBB1D00C1679C /* default_image.png in Resources */,
				179191C91A1D4F0D00072138 /* LaunchScreen.xib in Resources */,
				AC3D8A3F1C7AABA200BB3530 /* default_open.png in Resources */,
				AC3D8A3C1C7AABA200BB3530 /* default_chain.png in Resources */,
				ACCBA6DD1CFA25E30022DE3F /* GoogleService-Info.plist in Resources */,
				AC3D8A3E1C7AABA200BB3530 /* default_mask.png in Resources */,
				AC8CC5FF1C854D2F002789CA /* EditColorView.xib in Resources */,
			);
			runOnlyForDeploymentPostprocessing = 0;
		};
		17C4DFDA198E428000E0B395 /* Resources */ = {
			isa = PBXResourcesBuildPhase;
			buildActionMask = 2147483647;
			files = (
				ACCBA6DE1CFA25EC0022DE3F /* GoogleService-Info.plist in Resources */,
			);
			runOnlyForDeploymentPostprocessing = 0;
		};
/* End PBXResourcesBuildPhase section */

/* Begin PBXShellScriptBuildPhase section */
		0B28B218156100AD334482B9 /* [CP] Embed Pods Frameworks */ = {
			isa = PBXShellScriptBuildPhase;
			buildActionMask = 2147483647;
			files = (
			);
			inputPaths = (
			);
			name = "[CP] Embed Pods Frameworks";
			outputPaths = (
			);
			runOnlyForDeploymentPostprocessing = 0;
			shellPath = /bin/sh;
			shellScript = "\"${SRCROOT}/Pods/Target Support Files/Pods-Locket/Pods-Locket-frameworks.sh\"\n";
			showEnvVarsInLog = 0;
		};
		17145E991C7617E4A0C49480 /* [CP] Check Pods Manifest.lock */ = {
			isa = PBXShellScriptBuildPhase;
			buildActionMask = 2147483647;
			files = (
			);
			inputPaths = (
			);
			name = "[CP] Check Pods Manifest.lock";
			outputPaths = (
			);
			runOnlyForDeploymentPostprocessing = 0;
			shellPath = /bin/sh;
			shellScript = "diff \"${PODS_ROOT}/../Podfile.lock\" \"${PODS_ROOT}/Manifest.lock\" > /dev/null\nif [ $? != 0 ] ; then\n    # print error to STDERR\n    echo \"error: The sandbox is not in sync with the Podfile.lock. Run 'pod install' or update your CocoaPods installation.\" >&2\n    exit 1\nfi\n";
			showEnvVarsInLog = 0;
		};
		2A36346956E57A9055D43C9E /* [CP] Embed Pods Frameworks */ = {
			isa = PBXShellScriptBuildPhase;
			buildActionMask = 2147483647;
			files = (
			);
			inputPaths = (
			);
			name = "[CP] Embed Pods Frameworks";
			outputPaths = (
			);
			runOnlyForDeploymentPostprocessing = 0;
			shellPath = /bin/sh;
			shellScript = "\"${SRCROOT}/Pods/Target Support Files/Pods-LocketTests/Pods-LocketTests-frameworks.sh\"\n";
			showEnvVarsInLog = 0;
		};
		2FABADA6BDCB542A8921EB4B /* [CP] Copy Pods Resources */ = {
			isa = PBXShellScriptBuildPhase;
			buildActionMask = 2147483647;
			files = (
			);
			inputPaths = (
			);
			name = "[CP] Copy Pods Resources";
			outputPaths = (
			);
			runOnlyForDeploymentPostprocessing = 0;
			shellPath = /bin/sh;
			shellScript = "\"${SRCROOT}/Pods/Target Support Files/Pods-LocketTests/Pods-LocketTests-resources.sh\"\n";
			showEnvVarsInLog = 0;
		};
		7B16E1331584E88782C8BA43 /* [CP] Check Pods Manifest.lock */ = {
			isa = PBXShellScriptBuildPhase;
			buildActionMask = 2147483647;
			files = (
			);
			inputPaths = (
			);
			name = "[CP] Check Pods Manifest.lock";
			outputPaths = (
			);
			runOnlyForDeploymentPostprocessing = 0;
			shellPath = /bin/sh;
			shellScript = "diff \"${PODS_ROOT}/../Podfile.lock\" \"${PODS_ROOT}/Manifest.lock\" > /dev/null\nif [ $? != 0 ] ; then\n    # print error to STDERR\n    echo \"error: The sandbox is not in sync with the Podfile.lock. Run 'pod install' or update your CocoaPods installation.\" >&2\n    exit 1\nfi\n";
			showEnvVarsInLog = 0;
		};
		CBC5D774D2B09D651D4267D5 /* [CP] Copy Pods Resources */ = {
			isa = PBXShellScriptBuildPhase;
			buildActionMask = 2147483647;
			files = (
			);
			inputPaths = (
			);
			name = "[CP] Copy Pods Resources";
			outputPaths = (
			);
			runOnlyForDeploymentPostprocessing = 0;
			shellPath = /bin/sh;
			shellScript = "\"${SRCROOT}/Pods/Target Support Files/Pods-Locket/Pods-Locket-resources.sh\"\n";
			showEnvVarsInLog = 0;
		};
/* End PBXShellScriptBuildPhase section */

/* Begin PBXSourcesBuildPhase section */
		17C4DFC6198E428000E0B395 /* Sources */ = {
			isa = PBXSourcesBuildPhase;
			buildActionMask = 2147483647;
			files = (
				AC8CC6011C855889002789CA /* UIView+LoadFromNIB.swift in Sources */,
				AC8397861C9612AB0020B943 /* ImageAssetEntity.swift in Sources */,
				AC3D8A431C7ABED700BB3530 /* UserLocketCell.swift in Sources */,
				AC3D8A351C7A7D3D00BB3530 /* DownloadableImageView.swift in Sources */,
				AC83978B1C9612AB0020B943 /* UserLocketEntity+CoreDataProperties.swift in Sources */,
				AC3937891C347FB200BEC4B7 /* LocketView.swift in Sources */,
				AC2048721CB9BB7B00E53BE6 /* LocketSkinEntity+CoreDataProperties.swift in Sources */,
				ACD1820A1C6D97DB00264B2D /* DataManager.swift in Sources */,
				AC8397851C9612AB0020B943 /* ImageAssetEntity+CoreDataProperties.swift in Sources */,
				17C4DFD0198E428000E0B395 /* AppDelegate.swift in Sources */,
				AC8CC5FB1C854C5E002789CA /* EditColorView.swift in Sources */,
				ACDD19931C8E580F007D2439 /* UIColor+CIColor.swift in Sources */,
				ACF6DA911C81429400B0095A /* MaskView.swift in Sources */,
				ACA045191C7BB1CA00C1679C /* LocketPhotoView.swift in Sources */,
				AC3D8A451C7AC37B00BB3530 /* RightPanelViewController.swift in Sources */,
				ACD182081C6D432100264B2D /* LocketCell.swift in Sources */,
				17C4E01B198E444000E0B395 /* Locket.swift in Sources */,
				AC78CC501CA1028F00973756 /* UIImage+Crypto.swift in Sources */,
				AC6DB83A1CDE7CCF0098F271 /* UserEntity+CoreDataProperties.swift in Sources */,
				178B5A5D198E7379006414ED /* ContainerViewController.swift in Sources */,
				AC8397891C9612AB0020B943 /* ColorEntity+CoreDataProperties.swift in Sources */,
				ACD182131C75735D00264B2D /* FileManager.swift in Sources */,
				AC7F440A1C95EDE00049DD2B /* LocketModel.xcdatamodeld in Sources */,
				AC83978A1C9612AB0020B943 /* ColorEntity.swift in Sources */,
				ACDD19951C8F4FCE007D2439 /* Constants.swift in Sources */,
				AC83978C1C9612AB0020B943 /* UserLocketEntity.swift in Sources */,
				17C4E023198E504400E0B395 /* SidePanelViewController.swift in Sources */,
				AC3D8A411C7AB8C800BB3530 /* SettingsManager.swift in Sources */,
				ACE514491CFA360A00BE5172 /* AnalyticsManager.swift in Sources */,
				ACDD19991C8F6BC4007D2439 /* EditTextView.swift in Sources */,
				17C4E01F198E477C00E0B395 /* CenterViewController.swift in Sources */,
				ACF6DA941C814BC600B0095A /* UIView+CaptureImage.swift in Sources */,
				AC8397881C9612AB0020B943 /* LocketSkinEntity.swift in Sources */,
				AC6DB83B1CDE7CCF0098F271 /* UserEntity.swift in Sources */,
			);
			runOnlyForDeploymentPostprocessing = 0;
		};
		17C4DFD8198E428000E0B395 /* Sources */ = {
			isa = PBXSourcesBuildPhase;
			buildActionMask = 2147483647;
			files = (
				17C4DFE3198E428000E0B395 /* SlideOutNavigationTests.swift in Sources */,
			);
			runOnlyForDeploymentPostprocessing = 0;
		};
/* End PBXSourcesBuildPhase section */

/* Begin PBXTargetDependency section */
		17C4DFDE198E428000E0B395 /* PBXTargetDependency */ = {
			isa = PBXTargetDependency;
			target = 17C4DFC9198E428000E0B395 /* Locket */;
			targetProxy = 17C4DFDD198E428000E0B395 /* PBXContainerItemProxy */;
		};
/* End PBXTargetDependency section */

/* Begin PBXVariantGroup section */
		17C4DFD3198E428000E0B395 /* Main.storyboard */ = {
			isa = PBXVariantGroup;
			children = (
				17C4DFD4198E428000E0B395 /* Base */,
			);
			name = Main.storyboard;
			sourceTree = "<group>";
		};
/* End PBXVariantGroup section */

/* Begin XCBuildConfiguration section */
		17C4DFE4198E428000E0B395 /* Debug */ = {
			isa = XCBuildConfiguration;
			buildSettings = {
				ALWAYS_SEARCH_USER_PATHS = NO;
				CLANG_CXX_LANGUAGE_STANDARD = "gnu++0x";
				CLANG_CXX_LIBRARY = "libc++";
				CLANG_ENABLE_MODULES = YES;
				CLANG_ENABLE_OBJC_ARC = YES;
				CLANG_WARN_BOOL_CONVERSION = YES;
				CLANG_WARN_CONSTANT_CONVERSION = YES;
				CLANG_WARN_DIRECT_OBJC_ISA_USAGE = YES_ERROR;
				CLANG_WARN_EMPTY_BODY = YES;
				CLANG_WARN_ENUM_CONVERSION = YES;
				CLANG_WARN_INT_CONVERSION = YES;
				CLANG_WARN_OBJC_ROOT_CLASS = YES_ERROR;
				CLANG_WARN_UNREACHABLE_CODE = YES;
				CLANG_WARN__DUPLICATE_METHOD_MATCH = YES;
				CODE_SIGN_IDENTITY = "iPhone Developer: Kain Osterholt (6LU4Z28QWC)";
				"CODE_SIGN_IDENTITY[sdk=iphoneos*]" = "iPhone Developer: Kain Osterholt (6LU4Z28QWC)";
				COPY_PHASE_STRIP = NO;
				ENABLE_STRICT_OBJC_MSGSEND = YES;
				ENABLE_TESTABILITY = YES;
				GCC_C_LANGUAGE_STANDARD = gnu99;
				GCC_DYNAMIC_NO_PIC = NO;
				GCC_OPTIMIZATION_LEVEL = 0;
				GCC_PREPROCESSOR_DEFINITIONS = (
					"DEBUG=1",
					"$(inherited)",
				);
				GCC_SYMBOLS_PRIVATE_EXTERN = NO;
				GCC_WARN_64_TO_32_BIT_CONVERSION = YES;
				GCC_WARN_ABOUT_RETURN_TYPE = YES_ERROR;
				GCC_WARN_UNDECLARED_SELECTOR = YES;
				GCC_WARN_UNINITIALIZED_AUTOS = YES_AGGRESSIVE;
				GCC_WARN_UNUSED_FUNCTION = YES;
				GCC_WARN_UNUSED_VARIABLE = YES;
				IPHONEOS_DEPLOYMENT_TARGET = 9.0;
				MTL_ENABLE_DEBUG_INFO = YES;
				ONLY_ACTIVE_ARCH = YES;
				PROVISIONING_PROFILE = "a057fe67-fa26-485b-9ea7-f1a2df43d4ba";
				SDKROOT = iphoneos;
				SWIFT_OPTIMIZATION_LEVEL = "-Onone";
			};
			name = Debug;
		};
		17C4DFE5198E428000E0B395 /* Release */ = {
			isa = XCBuildConfiguration;
			buildSettings = {
				ALWAYS_SEARCH_USER_PATHS = NO;
				CLANG_CXX_LANGUAGE_STANDARD = "gnu++0x";
				CLANG_CXX_LIBRARY = "libc++";
				CLANG_ENABLE_MODULES = YES;
				CLANG_ENABLE_OBJC_ARC = YES;
				CLANG_WARN_BOOL_CONVERSION = YES;
				CLANG_WARN_CONSTANT_CONVERSION = YES;
				CLANG_WARN_DIRECT_OBJC_ISA_USAGE = YES_ERROR;
				CLANG_WARN_EMPTY_BODY = YES;
				CLANG_WARN_ENUM_CONVERSION = YES;
				CLANG_WARN_INT_CONVERSION = YES;
				CLANG_WARN_OBJC_ROOT_CLASS = YES_ERROR;
				CLANG_WARN_UNREACHABLE_CODE = YES;
				CLANG_WARN__DUPLICATE_METHOD_MATCH = YES;
				CODE_SIGN_IDENTITY = "iPhone Developer: Kain Osterholt (6LU4Z28QWC)";
				"CODE_SIGN_IDENTITY[sdk=iphoneos*]" = "iPhone Developer: Kain Osterholt (6LU4Z28QWC)";
				COPY_PHASE_STRIP = YES;
				ENABLE_NS_ASSERTIONS = NO;
				ENABLE_STRICT_OBJC_MSGSEND = YES;
				GCC_C_LANGUAGE_STANDARD = gnu99;
				GCC_WARN_64_TO_32_BIT_CONVERSION = YES;
				GCC_WARN_ABOUT_RETURN_TYPE = YES_ERROR;
				GCC_WARN_UNDECLARED_SELECTOR = YES;
				GCC_WARN_UNINITIALIZED_AUTOS = YES_AGGRESSIVE;
				GCC_WARN_UNUSED_FUNCTION = YES;
				GCC_WARN_UNUSED_VARIABLE = YES;
				IPHONEOS_DEPLOYMENT_TARGET = 9.0;
				MTL_ENABLE_DEBUG_INFO = NO;
				PROVISIONING_PROFILE = "a057fe67-fa26-485b-9ea7-f1a2df43d4ba";
				SDKROOT = iphoneos;
				VALIDATE_PRODUCT = YES;
			};
			name = Release;
		};
		17C4DFE7198E428000E0B395 /* Debug */ = {
			isa = XCBuildConfiguration;
			baseConfigurationReference = 5E030E0B879B36D1DCAE8113 /* Pods-Locket.debug.xcconfig */;
			buildSettings = {
				ASSETCATALOG_COMPILER_APPICON_NAME = AppIcon;
				ASSETCATALOG_COMPILER_LAUNCHIMAGE_NAME = LaunchImage;
				CODE_SIGN_IDENTITY = "iPhone Developer: Kain Osterholt (6LU4Z28QWC)";
				INFOPLIST_FILE = "SlideOutNavigation/Supporting Files/Info.plist";
				IPHONEOS_DEPLOYMENT_TARGET = 9.0;
				LD_RUNPATH_SEARCH_PATHS = "$(inherited) @executable_path/Frameworks";
				PRODUCT_BUNDLE_IDENTIFIER = Locket;
				PRODUCT_NAME = Locket;
				PROVISIONING_PROFILE = "ffb05f38-aa0a-49d7-91a6-4dbe3f570cfc";
				SWIFT_OBJC_BRIDGING_HEADER = "SlideOutNavigation/Locket-Bridging-Header.h";
				SWIFT_VERSION = 3.0;
			};
			name = Debug;
		};
		17C4DFE8198E428000E0B395 /* Release */ = {
			isa = XCBuildConfiguration;
			baseConfigurationReference = 1ABB49C1656D9CCD64E992CF /* Pods-Locket.release.xcconfig */;
			buildSettings = {
				ASSETCATALOG_COMPILER_APPICON_NAME = AppIcon;
				ASSETCATALOG_COMPILER_LAUNCHIMAGE_NAME = LaunchImage;
				CODE_SIGN_IDENTITY = "iPhone Developer: Kain Osterholt (6LU4Z28QWC)";
				INFOPLIST_FILE = "SlideOutNavigation/Supporting Files/Info.plist";
				IPHONEOS_DEPLOYMENT_TARGET = 9.0;
				LD_RUNPATH_SEARCH_PATHS = "$(inherited) @executable_path/Frameworks";
				PRODUCT_BUNDLE_IDENTIFIER = Locket;
				PRODUCT_NAME = Locket;
				PROVISIONING_PROFILE = "ffb05f38-aa0a-49d7-91a6-4dbe3f570cfc";
				SWIFT_OBJC_BRIDGING_HEADER = "SlideOutNavigation/Locket-Bridging-Header.h";
				SWIFT_VERSION = 3.0;
			};
			name = Release;
		};
		17C4DFEA198E428000E0B395 /* Debug */ = {
			isa = XCBuildConfiguration;
			baseConfigurationReference = 1D8AD2D8C9781F5F6F5F2E31 /* Pods-LocketTests.debug.xcconfig */;
			buildSettings = {
				BUNDLE_LOADER = "$(TEST_HOST)";
				FRAMEWORK_SEARCH_PATHS = (
					"$(SDKROOT)/Developer/Library/Frameworks",
					"$(inherited)",
				);
				GCC_PREPROCESSOR_DEFINITIONS = (
					"DEBUG=1",
					"$(inherited)",
				);
				INFOPLIST_FILE = "SlideOutNavigationTests/Supporting Files/Info.plist";
				LD_RUNPATH_SEARCH_PATHS = "$(inherited) @executable_path/Frameworks @loader_path/Frameworks";
				PRODUCT_BUNDLE_IDENTIFIER = "com.razeware.${PRODUCT_NAME:rfc1034identifier}";
				PRODUCT_NAME = Locket;
				SWIFT_VERSION = 3.0;
				TEST_HOST = "$(BUILT_PRODUCTS_DIR)/Locket.app/Locket";
			};
			name = Debug;
		};
		17C4DFEB198E428000E0B395 /* Release */ = {
			isa = XCBuildConfiguration;
			baseConfigurationReference = F52B11F1D9A336949CD0D697 /* Pods-LocketTests.release.xcconfig */;
			buildSettings = {
				BUNDLE_LOADER = "$(TEST_HOST)";
				FRAMEWORK_SEARCH_PATHS = (
					"$(SDKROOT)/Developer/Library/Frameworks",
					"$(inherited)",
				);
				INFOPLIST_FILE = "SlideOutNavigationTests/Supporting Files/Info.plist";
				LD_RUNPATH_SEARCH_PATHS = "$(inherited) @executable_path/Frameworks @loader_path/Frameworks";
				PRODUCT_BUNDLE_IDENTIFIER = "com.razeware.${PRODUCT_NAME:rfc1034identifier}";
				PRODUCT_NAME = Locket;
				SWIFT_VERSION = 3.0;
				TEST_HOST = "$(BUILT_PRODUCTS_DIR)/Locket.app/Locket";
			};
			name = Release;
		};
/* End XCBuildConfiguration section */

/* Begin XCConfigurationList section */
		17C4DFC5198E428000E0B395 /* Build configuration list for PBXProject "Locket" */ = {
			isa = XCConfigurationList;
			buildConfigurations = (
				17C4DFE4198E428000E0B395 /* Debug */,
				17C4DFE5198E428000E0B395 /* Release */,
			);
			defaultConfigurationIsVisible = 0;
			defaultConfigurationName = Release;
		};
		17C4DFE6198E428000E0B395 /* Build configuration list for PBXNativeTarget "Locket" */ = {
			isa = XCConfigurationList;
			buildConfigurations = (
				17C4DFE7198E428000E0B395 /* Debug */,
				17C4DFE8198E428000E0B395 /* Release */,
			);
			defaultConfigurationIsVisible = 0;
			defaultConfigurationName = Release;
		};
		17C4DFE9198E428000E0B395 /* Build configuration list for PBXNativeTarget "LocketTests" */ = {
			isa = XCConfigurationList;
			buildConfigurations = (
				17C4DFEA198E428000E0B395 /* Debug */,
				17C4DFEB198E428000E0B395 /* Release */,
			);
			defaultConfigurationIsVisible = 0;
			defaultConfigurationName = Release;
		};
/* End XCConfigurationList section */

/* Begin XCVersionGroup section */
		AC7F44081C95EDE00049DD2B /* LocketModel.xcdatamodeld */ = {
			isa = XCVersionGroup;
			children = (
				AC7F44091C95EDE00049DD2B /* LocketModel.xcdatamodel */,
			);
			currentVersion = AC7F44091C95EDE00049DD2B /* LocketModel.xcdatamodel */;
			path = LocketModel.xcdatamodeld;
			sourceTree = "<group>";
			versionGroupType = wrapper.xcdatamodel;
		};
/* End XCVersionGroup section */
	};
	rootObject = 17C4DFC2198E428000E0B395 /* Project object */;
}
